
Microsoft Visual Studio Solution File, Format Version 12.00
# Visual Studio Version 16
VisualStudioVersion = 16.0.31112.23
MinimumVisualStudioVersion = 10.0.40219.1
Project("{FAE04EC0-301F-11D3-BF4B-00C04F79EFBC}") = "LuckyNumber", "LuckyNumber\LuckyNumber.csproj", "{BBAC34F4-EB6D-48A5-81AD-91EF57233456}"
EndProject
Global
	GlobalSection(SolutionConfigurationPlatforms) = preSolution
		Debug|Any CPU = Debug|Any CPU
		Release|Any CPU = Release|Any CPU
	EndGlobalSection
	GlobalSection(ProjectConfigurationPlatforms) = postSolution
		{BBAC34F4-EB6D-48A5-81AD-91EF57233456}.Debug|Any CPU.ActiveCfg = Debug|Any CPU
		{BBAC34F4-EB6D-48A5-81AD-91EF57233456}.Debug|Any CPU.Build.0 = Debug|Any CPU
		{BBAC34F4-EB6D-48A5-81AD-91EF57233456}.Release|Any CPU.ActiveCfg = Release|Any CPU
		{BBAC34F4-EB6D-48A5-81AD-91EF57233456}.Release|Any CPU.Build.0 = Release|Any CPU
	EndGlobalSection
	GlobalSection(SolutionProperties) = preSolution
		HideSolutionNode = FALSE
	EndGlobalSection
	GlobalSection(ExtensibilityGlobals) = postSolution
		SolutionGuid = {F028D068-4931-4069-8E45-CC9FCAC92F6A}
	EndGlobalSection
EndGlobal
